{
  "requires": true,
  "lockfileVersion": 1,
  "dependencies": {
    "clone": {
      "version": "2.1.2",
      "resolved": "https://registry.npmjs.org/clone/-/clone-2.1.2.tgz",
      "integrity": "sha1-G39Ln1kfHo+DZwQBYANFoCiHQ18="
    },
    "lifx": {
      "version": "git+https://github.com/ryanmonro/lifxjs.git#75aeccabb787f0fd198f0d834e9777286c140dd9",
      "from": "git+https://github.com/ryanmonro/lifxjs.git",
      "requires": {
        "clone": "*",
        "underscore": "1.6"
      }
    },
    "underscore": {
      "version": "1.6.0",
      "resolved": "https://registry.npmjs.org/underscore/-/underscore-1.6.0.tgz",
      "integrity": "sha1-izixDKze9jM3uLJOT/htRa6lKag="
    }
  }
}
