{
  "requires": true,
  "lockfileVersion": 1,
  "dependencies": {
    "clone": {
      "version": "2.1.2",
      "resolved": "https://registry.npmjs.org/clone/-/clone-2.1.2.tgz",
      "integrity": "sha1-G39Ln1kfHo+DZwQBYANFoCiHQ18="
    },
    "lifx": {
      "version": "0.3.1",
      "resolved": "https://registry.npmjs.org/lifx/-/lifx-0.3.1.tgz",
      "integrity": "sha1-GoHswGshFekiB0P0UH39dffMYWo=",
      "requires": {
        "clone": "*",
        "underscore": "1.6"
      }
    },
    "underscore": {
      "version": "1.6.0",
      "resolved": "https://registry.npmjs.org/underscore/-/underscore-1.6.0.tgz",
      "integrity": "sha1-izixDKze9jM3uLJOT/htRa6lKag="
    }
  }
}
